
Microsoft Visual Studio Solution File, Format Version 12.00
# Visual Studio Version 17
VisualStudioVersion = 17.9.34728.123
MinimumVisualStudioVersion = 10.0.40219.1
Project("{FAE04EC0-301F-11D3-BF4B-00C04F79EFBC}") = "concurso-p2024", "concurso-p2024.csproj", "{D79B295F-8466-4DD6-9C8C-7D3BF1F7949D}"
EndProject
Global
	GlobalSection(SolutionConfigurationPlatforms) = preSolution
		Debug|Any CPU = Debug|Any CPU
		Release|Any CPU = Release|Any CPU
	EndGlobalSection
	GlobalSection(ProjectConfigurationPlatforms) = postSolution
		{D79B295F-8466-4DD6-9C8C-7D3BF1F7949D}.Debug|Any CPU.ActiveCfg = Debug|Any CPU
		{D79B295F-8466-4DD6-9C8C-7D3BF1F7949D}.Debug|Any CPU.Build.0 = Debug|Any CPU
		{D79B295F-8466-4DD6-9C8C-7D3BF1F7949D}.Release|Any CPU.ActiveCfg = Release|Any CPU
		{D79B295F-8466-4DD6-9C8C-7D3BF1F7949D}.Release|Any CPU.Build.0 = Release|Any CPU
	EndGlobalSection
	GlobalSection(SolutionProperties) = preSolution
		HideSolutionNode = FALSE
	EndGlobalSection
	GlobalSection(ExtensibilityGlobals) = postSolution
		SolutionGuid = {EC2A58E6-2F26-465E-9923-DBE1D82E2469}
	EndGlobalSection
EndGlobal
